
Microsoft Visual Studio Solution File, Format Version 12.00
# Visual Studio Version 17
VisualStudioVersion = 17.8.34525.116
MinimumVisualStudioVersion = 10.0.40219.1
Project("{FAE04EC0-301F-11D3-BF4B-00C04F79EFBC}") = "Workaround", "Workaround\Workaround.csproj", "{8E06991A-A9E1-489A-8109-B2F26D9BB886}"
EndProject
Project("{FAE04EC0-301F-11D3-BF4B-00C04F79EFBC}") = "Entities", "Entities\Entities.csproj", "{02AACEF5-A68A-4186-9DC5-AD80F845A3DC}"
EndProject
Project("{FAE04EC0-301F-11D3-BF4B-00C04F79EFBC}") = "Business", "Business\Business.csproj", "{A12F6AF1-C2DB-410C-92BE-14D7F604183C}"
EndProject
Global
	GlobalSection(SolutionConfigurationPlatforms) = preSolution
		Debug|Any CPU = Debug|Any CPU
		Release|Any CPU = Release|Any CPU
	EndGlobalSection
	GlobalSection(ProjectConfigurationPlatforms) = postSolution
		{8E06991A-A9E1-489A-8109-B2F26D9BB886}.Debug|Any CPU.ActiveCfg = Debug|Any CPU
		{8E06991A-A9E1-489A-8109-B2F26D9BB886}.Debug|Any CPU.Build.0 = Debug|Any CPU
		{8E06991A-A9E1-489A-8109-B2F26D9BB886}.Release|Any CPU.ActiveCfg = Release|Any CPU
		{8E06991A-A9E1-489A-8109-B2F26D9BB886}.Release|Any CPU.Build.0 = Release|Any CPU
		{02AACEF5-A68A-4186-9DC5-AD80F845A3DC}.Debug|Any CPU.ActiveCfg = Debug|Any CPU
		{02AACEF5-A68A-4186-9DC5-AD80F845A3DC}.Debug|Any CPU.Build.0 = Debug|Any CPU
		{02AACEF5-A68A-4186-9DC5-AD80F845A3DC}.Release|Any CPU.ActiveCfg = Release|Any CPU
		{02AACEF5-A68A-4186-9DC5-AD80F845A3DC}.Release|Any CPU.Build.0 = Release|Any CPU
		{A12F6AF1-C2DB-410C-92BE-14D7F604183C}.Debug|Any CPU.ActiveCfg = Debug|Any CPU
		{A12F6AF1-C2DB-410C-92BE-14D7F604183C}.Debug|Any CPU.Build.0 = Debug|Any CPU
		{A12F6AF1-C2DB-410C-92BE-14D7F604183C}.Release|Any CPU.ActiveCfg = Release|Any CPU
		{A12F6AF1-C2DB-410C-92BE-14D7F604183C}.Release|Any CPU.Build.0 = Release|Any CPU
	EndGlobalSection
	GlobalSection(SolutionProperties) = preSolution
		HideSolutionNode = FALSE
	EndGlobalSection
	GlobalSection(ExtensibilityGlobals) = postSolution
		SolutionGuid = {4AA4A203-F13A-4EFF-8947-C03C00F75638}
	EndGlobalSection
EndGlobal
